// !$*UTF8*$!
{
	archiveVersion = 1;
	classes = {
	};
	objectVersion = 46;
	objects = {

/* Begin PBXBuildFile section */
		25C8C6542759D9812CEC3DD4 /* Pods.framework in Frameworks */ = {isa = PBXBuildFile; fileRef = BAF3818DB368D9F3FE55B35B /* Pods.framework */; };
		2C08373E1C571C0900DDBBC2 /* dropButton.png in Resources */ = {isa = PBXBuildFile; fileRef = 2C08373D1C571C0900DDBBC2 /* dropButton.png */; };
		2C1D31451C4FF0E900CE809C /* AppDelegate.swift in Sources */ = {isa = PBXBuildFile; fileRef = 2C1D31441C4FF0E900CE809C /* AppDelegate.swift */; };
		2C1D31471C4FF0E900CE809C /* ViewController.swift in Sources */ = {isa = PBXBuildFile; fileRef = 2C1D31461C4FF0E900CE809C /* ViewController.swift */; };
		2C1D314A1C4FF0E900CE809C /* Main.storyboard in Resources */ = {isa = PBXBuildFile; fileRef = 2C1D31481C4FF0E900CE809C /* Main.storyboard */; };
		2C1D314D1C4FF0E900CE809C /* HSFB.xcdatamodeld in Sources */ = {isa = PBXBuildFile; fileRef = 2C1D314B1C4FF0E900CE809C /* HSFB.xcdatamodeld */; };
		2C1D314F1C4FF0E900CE809C /* Assets.xcassets in Resources */ = {isa = PBXBuildFile; fileRef = 2C1D314E1C4FF0E900CE809C /* Assets.xcassets */; };
		2C1D31521C4FF0E900CE809C /* LaunchScreen.storyboard in Resources */ = {isa = PBXBuildFile; fileRef = 2C1D31501C4FF0E900CE809C /* LaunchScreen.storyboard */; };
		2C1D315D1C4FF0E900CE809C /* HSFBTests.swift in Sources */ = {isa = PBXBuildFile; fileRef = 2C1D315C1C4FF0E900CE809C /* HSFBTests.swift */; };
		2C1D31681C4FF0E900CE809C /* HSFBUITests.swift in Sources */ = {isa = PBXBuildFile; fileRef = 2C1D31671C4FF0E900CE809C /* HSFBUITests.swift */; };
		2C1D31761C4FF6DB00CE809C /* LogInViewController.swift in Sources */ = {isa = PBXBuildFile; fileRef = 2C1D31751C4FF6DB00CE809C /* LogInViewController.swift */; };
		2C4620BE1C908F0B0064EDDA /* BaseballTeamVC.swift in Sources */ = {isa = PBXBuildFile; fileRef = 2C4620BD1C908F0B0064EDDA /* BaseballTeamVC.swift */; };
		2C4620C01C90916F0064EDDA /* BaseballPlayerCell.swift in Sources */ = {isa = PBXBuildFile; fileRef = 2C4620BF1C90916F0064EDDA /* BaseballPlayerCell.swift */; };
		2C4E39FA1C515D27008B6F3A /* TeamCell.swift in Sources */ = {isa = PBXBuildFile; fileRef = 2C4E39F91C515D27008B6F3A /* TeamCell.swift */; };
		2C4E39FC1C515D92008B6F3A /* TeamsViewController.swift in Sources */ = {isa = PBXBuildFile; fileRef = 2C4E39FB1C515D92008B6F3A /* TeamsViewController.swift */; };
		2C4E39FE1C51C021008B6F3A /* PlayerCell.swift in Sources */ = {isa = PBXBuildFile; fileRef = 2C4E39FD1C51C021008B6F3A /* PlayerCell.swift */; };
		2C4E3A021C52F3A6008B6F3A /* UsersViewController.swift in Sources */ = {isa = PBXBuildFile; fileRef = 2C4E3A011C52F3A6008B6F3A /* UsersViewController.swift */; };
		2C4E3A041C52F550008B6F3A /* UserCell.swift in Sources */ = {isa = PBXBuildFile; fileRef = 2C4E3A031C52F550008B6F3A /* UserCell.swift */; };
		2C4E3A061C52F66C008B6F3A /* useButton.png in Resources */ = {isa = PBXBuildFile; fileRef = 2C4E3A051C52F66C008B6F3A /* useButton.png */; };
		2C4E3A081C52FB2F008B6F3A /* plusButton.png in Resources */ = {isa = PBXBuildFile; fileRef = 2C4E3A071C52FB2F008B6F3A /* plusButton.png */; };
		2C5454C81C573E5400B2EDA1 /* standings.png in Resources */ = {isa = PBXBuildFile; fileRef = 2C5454C71C573E5400B2EDA1 /* standings.png */; };
		2C5454CA1C57E17600B2EDA1 /* StandingsViewController.swift in Sources */ = {isa = PBXBuildFile; fileRef = 2C5454C91C57E17600B2EDA1 /* StandingsViewController.swift */; };
		2C5454CC1C57E2CA00B2EDA1 /* StandingsCell.swift in Sources */ = {isa = PBXBuildFile; fileRef = 2C5454CB1C57E2CA00B2EDA1 /* StandingsCell.swift */; };
		2C5454CE1C582DE500B2EDA1 /* benchButton.png in Resources */ = {isa = PBXBuildFile; fileRef = 2C5454CD1C582DE500B2EDA1 /* benchButton.png */; };
		2C5454D01C582DE900B2EDA1 /* forwardButton.png in Resources */ = {isa = PBXBuildFile; fileRef = 2C5454CF1C582DE900B2EDA1 /* forwardButton.png */; };
		2C5454D21C582E1400B2EDA1 /* guardButton.png in Resources */ = {isa = PBXBuildFile; fileRef = 2C5454D11C582E1400B2EDA1 /* guardButton.png */; };
		2C5454D41C582E1A00B2EDA1 /* flexButton.png in Resources */ = {isa = PBXBuildFile; fileRef = 2C5454D31C582E1A00B2EDA1 /* flexButton.png */; };
		2C5454DA1C59315700B2EDA1 /* OtherTeamCell.swift in Sources */ = {isa = PBXBuildFile; fileRef = 2C5454D91C59315700B2EDA1 /* OtherTeamCell.swift */; };
		2C5454DE1C5931A200B2EDA1 /* OtherTeamsViewController.swift in Sources */ = {isa = PBXBuildFile; fileRef = 2C5454DD1C5931A200B2EDA1 /* OtherTeamsViewController.swift */; };
		2C5454E01C593CA400B2EDA1 /* teamsButton.png in Resources */ = {isa = PBXBuildFile; fileRef = 2C5454DF1C593CA400B2EDA1 /* teamsButton.png */; };
		2C5FE2A01C5447800053541D /* RankingsViewController.swift in Sources */ = {isa = PBXBuildFile; fileRef = 2C5FE29F1C5447800053541D /* RankingsViewController.swift */; };
		2C5FE2A21C5448460053541D /* RankingCell.swift in Sources */ = {isa = PBXBuildFile; fileRef = 2C5FE2A11C5448460053541D /* RankingCell.swift */; };
		2C8AE0911C6042E7003655F2 /* Reachability.swift in Sources */ = {isa = PBXBuildFile; fileRef = 2C8AE0901C6042E7003655F2 /* Reachability.swift */; };
		2CA90D011C5456D30068571B /* star.png in Resources */ = {isa = PBXBuildFile; fileRef = 2CA90D001C5456D30068571B /* star.png */; };
		2CC00D7B1C5A95DD00B08191 /* capAndNeedle.png in Resources */ = {isa = PBXBuildFile; fileRef = 2CC00D7A1C5A95DD00B08191 /* capAndNeedle.png */; };
		2CEB981B1C568813009DE8D8 /* AddPlayersViewController.swift in Sources */ = {isa = PBXBuildFile; fileRef = 2CEB981A1C568812009DE8D8 /* AddPlayersViewController.swift */; };
		2CEB981D1C568B29009DE8D8 /* AddCell.swift in Sources */ = {isa = PBXBuildFile; fileRef = 2CEB981C1C568B29009DE8D8 /* AddCell.swift */; };
		2CF42FB71C55C81E0037E121 /* TeamManagerViewController.swift in Sources */ = {isa = PBXBuildFile; fileRef = 2CF42FB61C55C81E0037E121 /* TeamManagerViewController.swift */; };
/* End PBXBuildFile section */

/* Begin PBXContainerItemProxy section */
		2C1D31591C4FF0E900CE809C /* PBXContainerItemProxy */ = {
			isa = PBXContainerItemProxy;
			containerPortal = 2C1D31391C4FF0E900CE809C /* Project object */;
			proxyType = 1;
			remoteGlobalIDString = 2C1D31401C4FF0E900CE809C;
			remoteInfo = HSFB;
		};
		2C1D31641C4FF0E900CE809C /* PBXContainerItemProxy */ = {
			isa = PBXContainerItemProxy;
			containerPortal = 2C1D31391C4FF0E900CE809C /* Project object */;
			proxyType = 1;
			remoteGlobalIDString = 2C1D31401C4FF0E900CE809C;
			remoteInfo = HSFB;
		};
/* End PBXContainerItemProxy section */

/* Begin PBXFileReference section */
		2C08373D1C571C0900DDBBC2 /* dropButton.png */ = {isa = PBXFileReference; lastKnownFileType = image.png; path = dropButton.png; sourceTree = "<group>"; };
		2C1D31411C4FF0E900CE809C /* HSFB.app */ = {isa = PBXFileReference; explicitFileType = wrapper.application; includeInIndex = 0; path = HSFB.app; sourceTree = BUILT_PRODUCTS_DIR; };
		2C1D31441C4FF0E900CE809C /* AppDelegate.swift */ = {isa = PBXFileReference; lastKnownFileType = sourcecode.swift; path = AppDelegate.swift; sourceTree = "<group>"; };
		2C1D31461C4FF0E900CE809C /* ViewController.swift */ = {isa = PBXFileReference; lastKnownFileType = sourcecode.swift; path = ViewController.swift; sourceTree = "<group>"; };
		2C1D31491C4FF0E900CE809C /* Base */ = {isa = PBXFileReference; lastKnownFileType = file.storyboard; name = Base; path = Base.lproj/Main.storyboard; sourceTree = "<group>"; };
		2C1D314C1C4FF0E900CE809C /* HSFB.xcdatamodel */ = {isa = PBXFileReference; lastKnownFileType = wrapper.xcdatamodel; path = HSFB.xcdatamodel; sourceTree = "<group>"; };
		2C1D314E1C4FF0E900CE809C /* Assets.xcassets */ = {isa = PBXFileReference; lastKnownFileType = folder.assetcatalog; path = Assets.xcassets; sourceTree = "<group>"; };
		2C1D31511C4FF0E900CE809C /* Base */ = {isa = PBXFileReference; lastKnownFileType = file.storyboard; name = Base; path = Base.lproj/LaunchScreen.storyboard; sourceTree = "<group>"; };
		2C1D31531C4FF0E900CE809C /* Info.plist */ = {isa = PBXFileReference; lastKnownFileType = text.plist.xml; path = Info.plist; sourceTree = "<group>"; };
		2C1D31581C4FF0E900CE809C /* HSFBTests.xctest */ = {isa = PBXFileReference; explicitFileType = wrapper.cfbundle; includeInIndex = 0; path = HSFBTests.xctest; sourceTree = BUILT_PRODUCTS_DIR; };
		2C1D315C1C4FF0E900CE809C /* HSFBTests.swift */ = {isa = PBXFileReference; lastKnownFileType = sourcecode.swift; path = HSFBTests.swift; sourceTree = "<group>"; };
		2C1D315E1C4FF0E900CE809C /* Info.plist */ = {isa = PBXFileReference; lastKnownFileType = text.plist.xml; path = Info.plist; sourceTree = "<group>"; };
		2C1D31631C4FF0E900CE809C /* HSFBUITests.xctest */ = {isa = PBXFileReference; explicitFileType = wrapper.cfbundle; includeInIndex = 0; path = HSFBUITests.xctest; sourceTree = BUILT_PRODUCTS_DIR; };
		2C1D31671C4FF0E900CE809C /* HSFBUITests.swift */ = {isa = PBXFileReference; lastKnownFileType = sourcecode.swift; path = HSFBUITests.swift; sourceTree = "<group>"; };
		2C1D31691C4FF0E900CE809C /* Info.plist */ = {isa = PBXFileReference; lastKnownFileType = text.plist.xml; path = Info.plist; sourceTree = "<group>"; };
		2C1D31751C4FF6DB00CE809C /* LogInViewController.swift */ = {isa = PBXFileReference; fileEncoding = 4; lastKnownFileType = sourcecode.swift; path = LogInViewController.swift; sourceTree = "<group>"; };
		2C4620BD1C908F0B0064EDDA /* BaseballTeamVC.swift */ = {isa = PBXFileReference; fileEncoding = 4; lastKnownFileType = sourcecode.swift; path = BaseballTeamVC.swift; sourceTree = "<group>"; };
		2C4620BF1C90916F0064EDDA /* BaseballPlayerCell.swift */ = {isa = PBXFileReference; fileEncoding = 4; lastKnownFileType = sourcecode.swift; path = BaseballPlayerCell.swift; sourceTree = "<group>"; };
		2C4E39F91C515D27008B6F3A /* TeamCell.swift */ = {isa = PBXFileReference; fileEncoding = 4; lastKnownFileType = sourcecode.swift; path = TeamCell.swift; sourceTree = "<group>"; };
		2C4E39FB1C515D92008B6F3A /* TeamsViewController.swift */ = {isa = PBXFileReference; fileEncoding = 4; lastKnownFileType = sourcecode.swift; path = TeamsViewController.swift; sourceTree = "<group>"; };
		2C4E39FD1C51C021008B6F3A /* PlayerCell.swift */ = {isa = PBXFileReference; fileEncoding = 4; lastKnownFileType = sourcecode.swift; path = PlayerCell.swift; sourceTree = "<group>"; };
		2C4E3A011C52F3A6008B6F3A /* UsersViewController.swift */ = {isa = PBXFileReference; fileEncoding = 4; lastKnownFileType = sourcecode.swift; path = UsersViewController.swift; sourceTree = "<group>"; };
		2C4E3A031C52F550008B6F3A /* UserCell.swift */ = {isa = PBXFileReference; fileEncoding = 4; lastKnownFileType = sourcecode.swift; path = UserCell.swift; sourceTree = "<group>"; };
		2C4E3A051C52F66C008B6F3A /* useButton.png */ = {isa = PBXFileReference; lastKnownFileType = image.png; path = useButton.png; sourceTree = "<group>"; };
		2C4E3A071C52FB2F008B6F3A /* plusButton.png */ = {isa = PBXFileReference; lastKnownFileType = image.png; path = plusButton.png; sourceTree = "<group>"; };
		2C5454C71C573E5400B2EDA1 /* standings.png */ = {isa = PBXFileReference; lastKnownFileType = image.png; path = standings.png; sourceTree = "<group>"; };
		2C5454C91C57E17600B2EDA1 /* StandingsViewController.swift */ = {isa = PBXFileReference; fileEncoding = 4; lastKnownFileType = sourcecode.swift; path = StandingsViewController.swift; sourceTree = "<group>"; };
		2C5454CB1C57E2CA00B2EDA1 /* StandingsCell.swift */ = {isa = PBXFileReference; fileEncoding = 4; lastKnownFileType = sourcecode.swift; path = StandingsCell.swift; sourceTree = "<group>"; };
		2C5454CD1C582DE500B2EDA1 /* benchButton.png */ = {isa = PBXFileReference; lastKnownFileType = image.png; path = benchButton.png; sourceTree = "<group>"; };
		2C5454CF1C582DE900B2EDA1 /* forwardButton.png */ = {isa = PBXFileReference; lastKnownFileType = image.png; path = forwardButton.png; sourceTree = "<group>"; };
		2C5454D11C582E1400B2EDA1 /* guardButton.png */ = {isa = PBXFileReference; lastKnownFileType = image.png; path = guardButton.png; sourceTree = "<group>"; };
		2C5454D31C582E1A00B2EDA1 /* flexButton.png */ = {isa = PBXFileReference; lastKnownFileType = image.png; path = flexButton.png; sourceTree = "<group>"; };
		2C5454D91C59315700B2EDA1 /* OtherTeamCell.swift */ = {isa = PBXFileReference; fileEncoding = 4; lastKnownFileType = sourcecode.swift; path = OtherTeamCell.swift; sourceTree = "<group>"; };
		2C5454DD1C5931A200B2EDA1 /* OtherTeamsViewController.swift */ = {isa = PBXFileReference; fileEncoding = 4; lastKnownFileType = sourcecode.swift; path = OtherTeamsViewController.swift; sourceTree = "<group>"; };
		2C5454DF1C593CA400B2EDA1 /* teamsButton.png */ = {isa = PBXFileReference; lastKnownFileType = image.png; path = teamsButton.png; sourceTree = "<group>"; };
		2C5FE29F1C5447800053541D /* RankingsViewController.swift */ = {isa = PBXFileReference; fileEncoding = 4; lastKnownFileType = sourcecode.swift; path = RankingsViewController.swift; sourceTree = "<group>"; };
		2C5FE2A11C5448460053541D /* RankingCell.swift */ = {isa = PBXFileReference; fileEncoding = 4; lastKnownFileType = sourcecode.swift; path = RankingCell.swift; sourceTree = "<group>"; };
		2C8AE0901C6042E7003655F2 /* Reachability.swift */ = {isa = PBXFileReference; fileEncoding = 4; lastKnownFileType = sourcecode.swift; path = Reachability.swift; sourceTree = "<group>"; };
		2CA90D001C5456D30068571B /* star.png */ = {isa = PBXFileReference; lastKnownFileType = image.png; path = star.png; sourceTree = "<group>"; };
		2CC00D7A1C5A95DD00B08191 /* capAndNeedle.png */ = {isa = PBXFileReference; lastKnownFileType = image.png; path = capAndNeedle.png; sourceTree = "<group>"; };
		2CEB981A1C568812009DE8D8 /* AddPlayersViewController.swift */ = {isa = PBXFileReference; fileEncoding = 4; lastKnownFileType = sourcecode.swift; path = AddPlayersViewController.swift; sourceTree = "<group>"; };
		2CEB981C1C568B29009DE8D8 /* AddCell.swift */ = {isa = PBXFileReference; fileEncoding = 4; lastKnownFileType = sourcecode.swift; path = AddCell.swift; sourceTree = "<group>"; };
		2CF42FB61C55C81E0037E121 /* TeamManagerViewController.swift */ = {isa = PBXFileReference; fileEncoding = 4; lastKnownFileType = sourcecode.swift; path = TeamManagerViewController.swift; sourceTree = "<group>"; };
		4B298282B0EB1D19280A2DB9 /* Pods.debug.xcconfig */ = {isa = PBXFileReference; includeInIndex = 1; lastKnownFileType = text.xcconfig; name = Pods.debug.xcconfig; path = "Pods/Target Support Files/Pods/Pods.debug.xcconfig"; sourceTree = "<group>"; };
		4D0F068EB512F0D6BC094BF5 /* Pods.release.xcconfig */ = {isa = PBXFileReference; includeInIndex = 1; lastKnownFileType = text.xcconfig; name = Pods.release.xcconfig; path = "Pods/Target Support Files/Pods/Pods.release.xcconfig"; sourceTree = "<group>"; };
		BAF3818DB368D9F3FE55B35B /* Pods.framework */ = {isa = PBXFileReference; explicitFileType = wrapper.framework; includeInIndex = 0; path = Pods.framework; sourceTree = BUILT_PRODUCTS_DIR; };
/* End PBXFileReference section */

/* Begin PBXFrameworksBuildPhase section */
		2C1D313E1C4FF0E900CE809C /* Frameworks */ = {
			isa = PBXFrameworksBuildPhase;
			buildActionMask = 2147483647;
			files = (
				25C8C6542759D9812CEC3DD4 /* Pods.framework in Frameworks */,
			);
			runOnlyForDeploymentPostprocessing = 0;
		};
		2C1D31551C4FF0E900CE809C /* Frameworks */ = {
			isa = PBXFrameworksBuildPhase;
			buildActionMask = 2147483647;
			files = (
			);
			runOnlyForDeploymentPostprocessing = 0;
		};
		2C1D31601C4FF0E900CE809C /* Frameworks */ = {
			isa = PBXFrameworksBuildPhase;
			buildActionMask = 2147483647;
			files = (
			);
			runOnlyForDeploymentPostprocessing = 0;
		};
/* End PBXFrameworksBuildPhase section */

/* Begin PBXGroup section */
		0E97AC764AE9E35F6F1FB4BC /* Frameworks */ = {
			isa = PBXGroup;
			children = (
				BAF3818DB368D9F3FE55B35B /* Pods.framework */,
			);
			name = Frameworks;
			sourceTree = "<group>";
		};
		2C1D31381C4FF0E900CE809C = {
			isa = PBXGroup;
			children = (
				2C1D31431C4FF0E900CE809C /* HSFB */,
				2C1D315B1C4FF0E900CE809C /* HSFBTests */,
				2C1D31661C4FF0E900CE809C /* HSFBUITests */,
				2C1D31421C4FF0E900CE809C /* Products */,
				65209E1FD04892238A1E6FE8 /* Pods */,
				0E97AC764AE9E35F6F1FB4BC /* Frameworks */,
			);
			sourceTree = "<group>";
		};
		2C1D31421C4FF0E900CE809C /* Products */ = {
			isa = PBXGroup;
			children = (
				2C1D31411C4FF0E900CE809C /* HSFB.app */,
				2C1D31581C4FF0E900CE809C /* HSFBTests.xctest */,
				2C1D31631C4FF0E900CE809C /* HSFBUITests.xctest */,
			);
			name = Products;
			sourceTree = "<group>";
		};
		2C1D31431C4FF0E900CE809C /* HSFB */ = {
			isa = PBXGroup;
			children = (
				2C5454D31C582E1A00B2EDA1 /* flexButton.png */,
				2CC00D7A1C5A95DD00B08191 /* capAndNeedle.png */,
				2C5454D11C582E1400B2EDA1 /* guardButton.png */,
				2C5454CD1C582DE500B2EDA1 /* benchButton.png */,
				2C5454DF1C593CA400B2EDA1 /* teamsButton.png */,
				2C5454CF1C582DE900B2EDA1 /* forwardButton.png */,
				2C4E3A051C52F66C008B6F3A /* useButton.png */,
				2C08373D1C571C0900DDBBC2 /* dropButton.png */,
				2CA90D001C5456D30068571B /* star.png */,
				2C5454C71C573E5400B2EDA1 /* standings.png */,
				2C4E3A071C52FB2F008B6F3A /* plusButton.png */,
				2C5454C91C57E17600B2EDA1 /* StandingsViewController.swift */,
				2C5454CB1C57E2CA00B2EDA1 /* StandingsCell.swift */,
				2C5454DD1C5931A200B2EDA1 /* OtherTeamsViewController.swift */,
				2C4E39FB1C515D92008B6F3A /* TeamsViewController.swift */,
				2C8AE0901C6042E7003655F2 /* Reachability.swift */,
				2C1D31441C4FF0E900CE809C /* AppDelegate.swift */,
				2C1D31461C4FF0E900CE809C /* ViewController.swift */,
				2C1D31751C4FF6DB00CE809C /* LogInViewController.swift */,
				2C4E3A011C52F3A6008B6F3A /* UsersViewController.swift */,
				2C1D31481C4FF0E900CE809C /* Main.storyboard */,
				2C4620BF1C90916F0064EDDA /* BaseballPlayerCell.swift */,
				2C4620BD1C908F0B0064EDDA /* BaseballTeamVC.swift */,
				2C5454D91C59315700B2EDA1 /* OtherTeamCell.swift */,
				2CEB981C1C568B29009DE8D8 /* AddCell.swift */,
				2CF42FB61C55C81E0037E121 /* TeamManagerViewController.swift */,
				2CEB981A1C568812009DE8D8 /* AddPlayersViewController.swift */,
				2C4E3A031C52F550008B6F3A /* UserCell.swift */,
				2C5FE29F1C5447800053541D /* RankingsViewController.swift */,
				2C5FE2A11C5448460053541D /* RankingCell.swift */,
				2C4E39FD1C51C021008B6F3A /* PlayerCell.swift */,
				2C4E39F91C515D27008B6F3A /* TeamCell.swift */,
				2C1D314E1C4FF0E900CE809C /* Assets.xcassets */,
				2C1D31501C4FF0E900CE809C /* LaunchScreen.storyboard */,
				2C1D31531C4FF0E900CE809C /* Info.plist */,
				2C1D314B1C4FF0E900CE809C /* HSFB.xcdatamodeld */,
			);
			path = HSFB;
			sourceTree = "<group>";
		};
		2C1D315B1C4FF0E900CE809C /* HSFBTests */ = {
			isa = PBXGroup;
			children = (
				2C1D315C1C4FF0E900CE809C /* HSFBTests.swift */,
				2C1D315E1C4FF0E900CE809C /* Info.plist */,
			);
			path = HSFBTests;
			sourceTree = "<group>";
		};
		2C1D31661C4FF0E900CE809C /* HSFBUITests */ = {
			isa = PBXGroup;
			children = (
				2C1D31671C4FF0E900CE809C /* HSFBUITests.swift */,
				2C1D31691C4FF0E900CE809C /* Info.plist */,
			);
			path = HSFBUITests;
			sourceTree = "<group>";
		};
		65209E1FD04892238A1E6FE8 /* Pods */ = {
			isa = PBXGroup;
			children = (
				4B298282B0EB1D19280A2DB9 /* Pods.debug.xcconfig */,
				4D0F068EB512F0D6BC094BF5 /* Pods.release.xcconfig */,
			);
			name = Pods;
			sourceTree = "<group>";
		};
/* End PBXGroup section */

/* Begin PBXNativeTarget section */
		2C1D31401C4FF0E900CE809C /* HSFB */ = {
			isa = PBXNativeTarget;
			buildConfigurationList = 2C1D316C1C4FF0E900CE809C /* Build configuration list for PBXNativeTarget "HSFB" */;
			buildPhases = (
				5A0E0EA18CB7B859217ED2F8 /* Check Pods Manifest.lock */,
				2C1D313D1C4FF0E900CE809C /* Sources */,
				2C1D313E1C4FF0E900CE809C /* Frameworks */,
				2C1D313F1C4FF0E900CE809C /* Resources */,
				77BD7E174EF8A879494BE990 /* Embed Pods Frameworks */,
				6C4C9895151787C07B2C4B2D /* Copy Pods Resources */,
			);
			buildRules = (
			);
			dependencies = (
			);
			name = HSFB;
			productName = HSFB;
			productReference = 2C1D31411C4FF0E900CE809C /* HSFB.app */;
			productType = "com.apple.product-type.application";
		};
		2C1D31571C4FF0E900CE809C /* HSFBTests */ = {
			isa = PBXNativeTarget;
			buildConfigurationList = 2C1D316F1C4FF0E900CE809C /* Build configuration list for PBXNativeTarget "HSFBTests" */;
			buildPhases = (
				2C1D31541C4FF0E900CE809C /* Sources */,
				2C1D31551C4FF0E900CE809C /* Frameworks */,
				2C1D31561C4FF0E900CE809C /* Resources */,
			);
			buildRules = (
			);
			dependencies = (
				2C1D315A1C4FF0E900CE809C /* PBXTargetDependency */,
			);
			name = HSFBTests;
			productName = HSFBTests;
			productReference = 2C1D31581C4FF0E900CE809C /* HSFBTests.xctest */;
			productType = "com.apple.product-type.bundle.unit-test";
		};
		2C1D31621C4FF0E900CE809C /* HSFBUITests */ = {
			isa = PBXNativeTarget;
			buildConfigurationList = 2C1D31721C4FF0E900CE809C /* Build configuration list for PBXNativeTarget "HSFBUITests" */;
			buildPhases = (
				2C1D315F1C4FF0E900CE809C /* Sources */,
				2C1D31601C4FF0E900CE809C /* Frameworks */,
				2C1D31611C4FF0E900CE809C /* Resources */,
			);
			buildRules = (
			);
			dependencies = (
				2C1D31651C4FF0E900CE809C /* PBXTargetDependency */,
			);
			name = HSFBUITests;
			productName = HSFBUITests;
			productReference = 2C1D31631C4FF0E900CE809C /* HSFBUITests.xctest */;
			productType = "com.apple.product-type.bundle.ui-testing";
		};
/* End PBXNativeTarget section */

/* Begin PBXProject section */
		2C1D31391C4FF0E900CE809C /* Project object */ = {
			isa = PBXProject;
			attributes = {
				LastSwiftUpdateCheck = 0720;
				LastUpgradeCheck = 0720;
				ORGANIZATIONNAME = "Jacob Kohn";
				TargetAttributes = {
					2C1D31401C4FF0E900CE809C = {
						CreatedOnToolsVersion = 7.2;
						DevelopmentTeam = J44PM8Q84B;
					};
					2C1D31571C4FF0E900CE809C = {
						CreatedOnToolsVersion = 7.2;
						TestTargetID = 2C1D31401C4FF0E900CE809C;
					};
					2C1D31621C4FF0E900CE809C = {
						CreatedOnToolsVersion = 7.2;
						TestTargetID = 2C1D31401C4FF0E900CE809C;
					};
				};
			};
			buildConfigurationList = 2C1D313C1C4FF0E900CE809C /* Build configuration list for PBXProject "HSFB" */;
			compatibilityVersion = "Xcode 3.2";
			developmentRegion = English;
			hasScannedForEncodings = 0;
			knownRegions = (
				en,
				Base,
			);
			mainGroup = 2C1D31381C4FF0E900CE809C;
			productRefGroup = 2C1D31421C4FF0E900CE809C /* Products */;
			projectDirPath = "";
			projectRoot = "";
			targets = (
				2C1D31401C4FF0E900CE809C /* HSFB */,
				2C1D31571C4FF0E900CE809C /* HSFBTests */,
				2C1D31621C4FF0E900CE809C /* HSFBUITests */,
			);
		};
/* End PBXProject section */

/* Begin PBXResourcesBuildPhase section */
		2C1D313F1C4FF0E900CE809C /* Resources */ = {
			isa = PBXResourcesBuildPhase;
			buildActionMask = 2147483647;
			files = (
				2C1D31521C4FF0E900CE809C /* LaunchScreen.storyboard in Resources */,
				2C5454E01C593CA400B2EDA1 /* teamsButton.png in Resources */,
				2C4E3A061C52F66C008B6F3A /* useButton.png in Resources */,
				2C1D314F1C4FF0E900CE809C /* Assets.xcassets in Resources */,
				2C5454D01C582DE900B2EDA1 /* forwardButton.png in Resources */,
				2CC00D7B1C5A95DD00B08191 /* capAndNeedle.png in Resources */,
				2C5454C81C573E5400B2EDA1 /* standings.png in Resources */,
				2C4E3A081C52FB2F008B6F3A /* plusButton.png in Resources */,
				2C1D314A1C4FF0E900CE809C /* Main.storyboard in Resources */,
				2C08373E1C571C0900DDBBC2 /* dropButton.png in Resources */,
				2C5454D41C582E1A00B2EDA1 /* flexButton.png in Resources */,
				2C5454D21C582E1400B2EDA1 /* guardButton.png in Resources */,
				2CA90D011C5456D30068571B /* star.png in Resources */,
				2C5454CE1C582DE500B2EDA1 /* benchButton.png in Resources */,
			);
			runOnlyForDeploymentPostprocessing = 0;
		};
		2C1D31561C4FF0E900CE809C /* Resources */ = {
			isa = PBXResourcesBuildPhase;
			buildActionMask = 2147483647;
			files = (
			);
			runOnlyForDeploymentPostprocessing = 0;
		};
		2C1D31611C4FF0E900CE809C /* Resources */ = {
			isa = PBXResourcesBuildPhase;
			buildActionMask = 2147483647;
			files = (
			);
			runOnlyForDeploymentPostprocessing = 0;
		};
/* End PBXResourcesBuildPhase section */

/* Begin PBXShellScriptBuildPhase section */
		5A0E0EA18CB7B859217ED2F8 /* Check Pods Manifest.lock */ = {
			isa = PBXShellScriptBuildPhase;
			buildActionMask = 2147483647;
			files = (
			);
			inputPaths = (
			);
			name = "Check Pods Manifest.lock";
			outputPaths = (
			);
			runOnlyForDeploymentPostprocessing = 0;
			shellPath = /bin/sh;
			shellScript = "diff \"${PODS_ROOT}/../Podfile.lock\" \"${PODS_ROOT}/Manifest.lock\" > /dev/null\nif [[ $? != 0 ]] ; then\n    cat << EOM\nerror: The sandbox is not in sync with the Podfile.lock. Run 'pod install' or update your CocoaPods installation.\nEOM\n    exit 1\nfi\n";
			showEnvVarsInLog = 0;
		};
		6C4C9895151787C07B2C4B2D /* Copy Pods Resources */ = {
			isa = PBXShellScriptBuildPhase;
			buildActionMask = 2147483647;
			files = (
			);
			inputPaths = (
			);
			name = "Copy Pods Resources";
			outputPaths = (
			);
			runOnlyForDeploymentPostprocessing = 0;
			shellPath = /bin/sh;
			shellScript = "\"${SRCROOT}/Pods/Target Support Files/Pods/Pods-resources.sh\"\n";
			showEnvVarsInLog = 0;
		};
		77BD7E174EF8A879494BE990 /* Embed Pods Frameworks */ = {
			isa = PBXShellScriptBuildPhase;
			buildActionMask = 2147483647;
			files = (
			);
			inputPaths = (
			);
			name = "Embed Pods Frameworks";
			outputPaths = (
			);
			runOnlyForDeploymentPostprocessing = 0;
			shellPath = /bin/sh;
			shellScript = "\"${SRCROOT}/Pods/Target Support Files/Pods/Pods-frameworks.sh\"\n";
			showEnvVarsInLog = 0;
		};
/* End PBXShellScriptBuildPhase section */

/* Begin PBXSourcesBuildPhase section */
		2C1D313D1C4FF0E900CE809C /* Sources */ = {
			isa = PBXSourcesBuildPhase;
			buildActionMask = 2147483647;
			files = (
				2C1D31761C4FF6DB00CE809C /* LogInViewController.swift in Sources */,
				2C4620BE1C908F0B0064EDDA /* BaseballTeamVC.swift in Sources */,
				2C4E39FC1C515D92008B6F3A /* TeamsViewController.swift in Sources */,
				2C8AE0911C6042E7003655F2 /* Reachability.swift in Sources */,
				2CEB981B1C568813009DE8D8 /* AddPlayersViewController.swift in Sources */,
				2C5FE2A21C5448460053541D /* RankingCell.swift in Sources */,
				2C5454DE1C5931A200B2EDA1 /* OtherTeamsViewController.swift in Sources */,
				2C5454DA1C59315700B2EDA1 /* OtherTeamCell.swift in Sources */,
				2C4E39FE1C51C021008B6F3A /* PlayerCell.swift in Sources */,
				2C5454CC1C57E2CA00B2EDA1 /* StandingsCell.swift in Sources */,
				2CEB981D1C568B29009DE8D8 /* AddCell.swift in Sources */,
				2C5FE2A01C5447800053541D /* RankingsViewController.swift in Sources */,
				2C1D31471C4FF0E900CE809C /* ViewController.swift in Sources */,
				2C4E39FA1C515D27008B6F3A /* TeamCell.swift in Sources */,
				2C1D31451C4FF0E900CE809C /* AppDelegate.swift in Sources */,
				2C4E3A021C52F3A6008B6F3A /* UsersViewController.swift in Sources */,
				2C4E3A041C52F550008B6F3A /* UserCell.swift in Sources */,
				2C1D314D1C4FF0E900CE809C /* HSFB.xcdatamodeld in Sources */,
				2CF42FB71C55C81E0037E121 /* TeamManagerViewController.swift in Sources */,
				2C5454CA1C57E17600B2EDA1 /* StandingsViewController.swift in Sources */,
				2C4620C01C90916F0064EDDA /* BaseballPlayerCell.swift in Sources */,
			);
			runOnlyForDeploymentPostprocessing = 0;
		};
		2C1D31541C4FF0E900CE809C /* Sources */ = {
			isa = PBXSourcesBuildPhase;
			buildActionMask = 2147483647;
			files = (
				2C1D315D1C4FF0E900CE809C /* HSFBTests.swift in Sources */,
			);
			runOnlyForDeploymentPostprocessing = 0;
		};
		2C1D315F1C4FF0E900CE809C /* Sources */ = {
			isa = PBXSourcesBuildPhase;
			buildActionMask = 2147483647;
			files = (
				2C1D31681C4FF0E900CE809C /* HSFBUITests.swift in Sources */,
			);
			runOnlyForDeploymentPostprocessing = 0;
		};
/* End PBXSourcesBuildPhase section */

/* Begin PBXTargetDependency section */
		2C1D315A1C4FF0E900CE809C /* PBXTargetDependency */ = {
			isa = PBXTargetDependency;
			target = 2C1D31401C4FF0E900CE809C /* HSFB */;
			targetProxy = 2C1D31591C4FF0E900CE809C /* PBXContainerItemProxy */;
		};
		2C1D31651C4FF0E900CE809C /* PBXTargetDependency */ = {
			isa = PBXTargetDependency;
			target = 2C1D31401C4FF0E900CE809C /* HSFB */;
			targetProxy = 2C1D31641C4FF0E900CE809C /* PBXContainerItemProxy */;
		};
/* End PBXTargetDependency section */

/* Begin PBXVariantGroup section */
		2C1D31481C4FF0E900CE809C /* Main.storyboard */ = {
			isa = PBXVariantGroup;
			children = (
				2C1D31491C4FF0E900CE809C /* Base */,
			);
			name = Main.storyboard;
			sourceTree = "<group>";
		};
		2C1D31501C4FF0E900CE809C /* LaunchScreen.storyboard */ = {
			isa = PBXVariantGroup;
			children = (
				2C1D31511C4FF0E900CE809C /* Base */,
			);
			name = LaunchScreen.storyboard;
			sourceTree = "<group>";
		};
/* End PBXVariantGroup section */

/* Begin XCBuildConfiguration section */
		2C1D316A1C4FF0E900CE809C /* Debug */ = {
			isa = XCBuildConfiguration;
			buildSettings = {
				ALWAYS_SEARCH_USER_PATHS = NO;
				CLANG_CXX_LANGUAGE_STANDARD = "gnu++0x";
				CLANG_CXX_LIBRARY = "libc++";
				CLANG_ENABLE_MODULES = YES;
				CLANG_ENABLE_OBJC_ARC = YES;
				CLANG_WARN_BOOL_CONVERSION = YES;
				CLANG_WARN_CONSTANT_CONVERSION = YES;
				CLANG_WARN_DIRECT_OBJC_ISA_USAGE = YES_ERROR;
				CLANG_WARN_EMPTY_BODY = YES;
				CLANG_WARN_ENUM_CONVERSION = YES;
				CLANG_WARN_INT_CONVERSION = YES;
				CLANG_WARN_OBJC_ROOT_CLASS = YES_ERROR;
				CLANG_WARN_UNREACHABLE_CODE = YES;
				CLANG_WARN__DUPLICATE_METHOD_MATCH = YES;
				"CODE_SIGN_IDENTITY[sdk=iphoneos*]" = "iPhone Developer";
				COPY_PHASE_STRIP = NO;
				DEBUG_INFORMATION_FORMAT = dwarf;
				ENABLE_STRICT_OBJC_MSGSEND = YES;
				ENABLE_TESTABILITY = YES;
				GCC_C_LANGUAGE_STANDARD = gnu99;
				GCC_DYNAMIC_NO_PIC = NO;
				GCC_NO_COMMON_BLOCKS = YES;
				GCC_OPTIMIZATION_LEVEL = 0;
				GCC_PREPROCESSOR_DEFINITIONS = (
					"DEBUG=1",
					"$(inherited)",
				);
				GCC_WARN_64_TO_32_BIT_CONVERSION = YES;
				GCC_WARN_ABOUT_RETURN_TYPE = YES_ERROR;
				GCC_WARN_UNDECLARED_SELECTOR = YES;
				GCC_WARN_UNINITIALIZED_AUTOS = YES_AGGRESSIVE;
				GCC_WARN_UNUSED_FUNCTION = YES;
				GCC_WARN_UNUSED_VARIABLE = YES;
				IPHONEOS_DEPLOYMENT_TARGET = 9.2;
				MTL_ENABLE_DEBUG_INFO = YES;
				ONLY_ACTIVE_ARCH = YES;
				SDKROOT = iphoneos;
				SWIFT_OPTIMIZATION_LEVEL = "-Onone";
				TARGETED_DEVICE_FAMILY = "1,2";
			};
			name = Debug;
		};
		2C1D316B1C4FF0E900CE809C /* Release */ = {
			isa = XCBuildConfiguration;
			buildSettings = {
				ALWAYS_SEARCH_USER_PATHS = NO;
				CLANG_CXX_LANGUAGE_STANDARD = "gnu++0x";
				CLANG_CXX_LIBRARY = "libc++";
				CLANG_ENABLE_MODULES = YES;
				CLANG_ENABLE_OBJC_ARC = YES;
				CLANG_WARN_BOOL_CONVERSION = YES;
				CLANG_WARN_CONSTANT_CONVERSION = YES;
				CLANG_WARN_DIRECT_OBJC_ISA_USAGE = YES_ERROR;
				CLANG_WARN_EMPTY_BODY = YES;
				CLANG_WARN_ENUM_CONVERSION = YES;
				CLANG_WARN_INT_CONVERSION = YES;
				CLANG_WARN_OBJC_ROOT_CLASS = YES_ERROR;
				CLANG_WARN_UNREACHABLE_CODE = YES;
				CLANG_WARN__DUPLICATE_METHOD_MATCH = YES;
				"CODE_SIGN_IDENTITY[sdk=iphoneos*]" = "iPhone Developer";
				COPY_PHASE_STRIP = NO;
				DEBUG_INFORMATION_FORMAT = "dwarf-with-dsym";
				ENABLE_NS_ASSERTIONS = NO;
				ENABLE_STRICT_OBJC_MSGSEND = YES;
				GCC_C_LANGUAGE_STANDARD = gnu99;
				GCC_NO_COMMON_BLOCKS = YES;
				GCC_WARN_64_TO_32_BIT_CONVERSION = YES;
				GCC_WARN_ABOUT_RETURN_TYPE = YES_ERROR;
				GCC_WARN_UNDECLARED_SELECTOR = YES;
				GCC_WARN_UNINITIALIZED_AUTOS = YES_AGGRESSIVE;
				GCC_WARN_UNUSED_FUNCTION = YES;
				GCC_WARN_UNUSED_VARIABLE = YES;
				IPHONEOS_DEPLOYMENT_TARGET = 9.2;
				MTL_ENABLE_DEBUG_INFO = NO;
				SDKROOT = iphoneos;
				TARGETED_DEVICE_FAMILY = "1,2";
				VALIDATE_PRODUCT = YES;
			};
			name = Release;
		};
		2C1D316D1C4FF0E900CE809C /* Debug */ = {
			isa = XCBuildConfiguration;
			baseConfigurationReference = 4B298282B0EB1D19280A2DB9 /* Pods.debug.xcconfig */;
			buildSettings = {
				ASSETCATALOG_COMPILER_APPICON_NAME = AppIcon;
				CODE_SIGN_IDENTITY = "iPhone Developer";
				INFOPLIST_FILE = HSFB/Info.plist;
				LD_RUNPATH_SEARCH_PATHS = "$(inherited) @executable_path/Frameworks";
				PRODUCT_BUNDLE_IDENTIFIER = jk.HSFB;
				PRODUCT_NAME = "$(TARGET_NAME)";
				TARGETED_DEVICE_FAMILY = 1;
			};
			name = Debug;
		};
		2C1D316E1C4FF0E900CE809C /* Release */ = {
			isa = XCBuildConfiguration;
			baseConfigurationReference = 4D0F068EB512F0D6BC094BF5 /* Pods.release.xcconfig */;
			buildSettings = {
				ASSETCATALOG_COMPILER_APPICON_NAME = AppIcon;
				CODE_SIGN_IDENTITY = "iPhone Developer";
				INFOPLIST_FILE = HSFB/Info.plist;
				LD_RUNPATH_SEARCH_PATHS = "$(inherited) @executable_path/Frameworks";
				PRODUCT_BUNDLE_IDENTIFIER = jk.HSFB;
				PRODUCT_NAME = "$(TARGET_NAME)";
				TARGETED_DEVICE_FAMILY = 1;
			};
			name = Release;
		};
		2C1D31701C4FF0E900CE809C /* Debug */ = {
			isa = XCBuildConfiguration;
			buildSettings = {
				BUNDLE_LOADER = "$(TEST_HOST)";
				INFOPLIST_FILE = HSFBTests/Info.plist;
				LD_RUNPATH_SEARCH_PATHS = "$(inherited) @executable_path/Frameworks @loader_path/Frameworks";
				PRODUCT_BUNDLE_IDENTIFIER = jk.HSFBTests;
				PRODUCT_NAME = "$(TARGET_NAME)";
				TEST_HOST = "$(BUILT_PRODUCTS_DIR)/HSFB.app/HSFB";
			};
			name = Debug;
		};
		2C1D31711C4FF0E900CE809C /* Release */ = {
			isa = XCBuildConfiguration;
			buildSettings = {
				BUNDLE_LOADER = "$(TEST_HOST)";
				INFOPLIST_FILE = HSFBTests/Info.plist;
				LD_RUNPATH_SEARCH_PATHS = "$(inherited) @executable_path/Frameworks @loader_path/Frameworks";
				PRODUCT_BUNDLE_IDENTIFIER = jk.HSFBTests;
				PRODUCT_NAME = "$(TARGET_NAME)";
				TEST_HOST = "$(BUILT_PRODUCTS_DIR)/HSFB.app/HSFB";
			};
			name = Release;
		};
		2C1D31731C4FF0E900CE809C /* Debug */ = {
			isa = XCBuildConfiguration;
			buildSettings = {
				INFOPLIST_FILE = HSFBUITests/Info.plist;
				LD_RUNPATH_SEARCH_PATHS = "$(inherited) @executable_path/Frameworks @loader_path/Frameworks";
				PRODUCT_BUNDLE_IDENTIFIER = jk.HSFBUITests;
				PRODUCT_NAME = "$(TARGET_NAME)";
				TEST_TARGET_NAME = HSFB;
				USES_XCTRUNNER = YES;
			};
			name = Debug;
		};
		2C1D31741C4FF0E900CE809C /* Release */ = {
			isa = XCBuildConfiguration;
			buildSettings = {
				INFOPLIST_FILE = HSFBUITests/Info.plist;
				LD_RUNPATH_SEARCH_PATHS = "$(inherited) @executable_path/Frameworks @loader_path/Frameworks";
				PRODUCT_BUNDLE_IDENTIFIER = jk.HSFBUITests;
				PRODUCT_NAME = "$(TARGET_NAME)";
				TEST_TARGET_NAME = HSFB;
				USES_XCTRUNNER = YES;
			};
			name = Release;
		};
/* End XCBuildConfiguration section */

/* Begin XCConfigurationList section */
		2C1D313C1C4FF0E900CE809C /* Build configuration list for PBXProject "HSFB" */ = {
			isa = XCConfigurationList;
			buildConfigurations = (
				2C1D316A1C4FF0E900CE809C /* Debug */,
				2C1D316B1C4FF0E900CE809C /* Release */,
			);
			defaultConfigurationIsVisible = 0;
			defaultConfigurationName = Release;
		};
		2C1D316C1C4FF0E900CE809C /* Build configuration list for PBXNativeTarget "HSFB" */ = {
			isa = XCConfigurationList;
			buildConfigurations = (
				2C1D316D1C4FF0E900CE809C /* Debug */,
				2C1D316E1C4FF0E900CE809C /* Release */,
			);
			defaultConfigurationIsVisible = 0;
			defaultConfigurationName = Release;
		};
		2C1D316F1C4FF0E900CE809C /* Build configuration list for PBXNativeTarget "HSFBTests" */ = {
			isa = XCConfigurationList;
			buildConfigurations = (
				2C1D31701C4FF0E900CE809C /* Debug */,
				2C1D31711C4FF0E900CE809C /* Release */,
			);
			defaultConfigurationIsVisible = 0;
			defaultConfigurationName = Release;
		};
		2C1D31721C4FF0E900CE809C /* Build configuration list for PBXNativeTarget "HSFBUITests" */ = {
			isa = XCConfigurationList;
			buildConfigurations = (
				2C1D31731C4FF0E900CE809C /* Debug */,
				2C1D31741C4FF0E900CE809C /* Release */,
			);
			defaultConfigurationIsVisible = 0;
			defaultConfigurationName = Release;
		};
/* End XCConfigurationList section */

/* Begin XCVersionGroup section */
		2C1D314B1C4FF0E900CE809C /* HSFB.xcdatamodeld */ = {
			isa = XCVersionGroup;
			children = (
				2C1D314C1C4FF0E900CE809C /* HSFB.xcdatamodel */,
			);
			currentVersion = 2C1D314C1C4FF0E900CE809C /* HSFB.xcdatamodel */;
			path = HSFB.xcdatamodeld;
			sourceTree = "<group>";
			versionGroupType = wrapper.xcdatamodel;
		};
/* End XCVersionGroup section */
	};
	rootObject = 2C1D31391C4FF0E900CE809C /* Project object */;
}
